<?xml version="1.0" encoding="UTF-8" standalone="yes" ?>
<CodeBlocks_project_file>
	<FileVersion major="1" minor="6" />
	<Project>
		<Option title="pfs" />
		<Option pch_mode="2" />
		<Option compiler="gcc" />
		<Build>
			<Target title="Debug">
				<Option output="bin/Debug/pfs" prefix_auto="1" extension_auto="1" />
				<Option object_output="obj/Debug/" />
				<Option type="1" />
				<Option compiler="gcc" />
				<Compiler>
					<Add option="-g" />
					<Add option="-Iinclude" />
				</Compiler>
				<Linker>
					<Add option="-lpthread" />
					<Add option="-llog4cpp" />
				</Linker>
			</Target>
			<Target title="Release">
				<Option output="bin/Release/pfs" prefix_auto="1" extension_auto="1" />
				<Option object_output="obj/Release/" />
				<Option type="1" />
				<Option compiler="gcc" />
				<Compiler>
					<Add option="-O2" />
				</Compiler>
				<Linker>
					<Add option="-s" />
				</Linker>
			</Target>
		</Build>
		<Compiler>
			<Add option="-Wall" />
			<Add option="-fexceptions" />
		</Compiler>
		<Unit filename="include/Block.h" />
		<Unit filename="include/Config.h" />
		<Unit filename="include/DataNode.h" />
		<Unit filename="include/FSEditLog.h" />
		<Unit filename="include/FSImage.h" />
		<Unit filename="include/FSNameSystem.h" />
		<Unit filename="include/INode.h" />
		<Unit filename="include/INodeDirectory.h" />
		<Unit filename="include/INodeFile.h" />
		<Unit filename="include/INodeFileUnderConstruction.h" />
		<Unit filename="include/Log.h" />
		<Unit filename="include/Permission.h" />
		<Unit filename="include/tinyxml2.h" />
		<Unit filename="main.cpp" />
		<Unit filename="src/Block.cpp" />
		<Unit filename="src/Config.cpp" />
		<Unit filename="src/DataNode.cpp" />
		<Unit filename="src/FSEditLog.cpp" />
		<Unit filename="src/FSImage.cpp" />
		<Unit filename="src/FSNameSystem.cpp" />
		<Unit filename="src/INode.cpp" />
		<Unit filename="src/INodeDirectory.cpp" />
		<Unit filename="src/INodeFile.cpp" />
		<Unit filename="src/INodeFileUnderConstruction.cpp" />
		<Unit filename="src/Log.cpp" />
		<Unit filename="src/Permission.cpp" />
		<Unit filename="src/tinyxml2.cpp" />
		<Extensions>
			<code_completion />
			<debugger />
		</Extensions>
	</Project>
</CodeBlocks_project_file>
