<?xml version="1.0" encoding="UTF-8" standalone="yes" ?>
<CodeBlocks_project_file>
	<FileVersion major="1" minor="6" />
	<Project>
		<Option title="pfs" />
		<Option pch_mode="2" />
		<Option compiler="gcc" />
		<Build>
			<Target title="Debug">
				<Option output="bin/Debug/pfs" prefix_auto="1" extension_auto="1" />
				<Option object_output="obj/Debug/" />
				<Option type="1" />
				<Option compiler="gcc" />
				<Compiler>
					<Add option="-g" />
					<Add option="-Iinclude" />
					<Add option="-Iinclude/ipc" />
					<Add option="-std=c++11" />
					<Add option="-O0" />
				</Compiler>
				<Linker>
					<Add option="-lpthread" />
					<Add option="-llog4cpp" />
					<Add option="-lboost_thread" />
					<Add option="-lboost_system" />
				</Linker>
			</Target>
			<Target title="Release">
				<Option output="bin/Release/pfs" prefix_auto="1" extension_auto="1" />
				<Option object_output="obj/Release/" />
				<Option type="1" />
				<Option compiler="gcc" />
				<Compiler>
					<Add option="-O2" />
				</Compiler>
				<Linker>
					<Add option="-s" />
				</Linker>
			</Target>
		</Build>
		<Compiler>
			<Add option="-Wall" />
			<Add option="-fexceptions" />
		</Compiler>
		<Unit filename="include/Block.h" />
		<Unit filename="include/BlockQueue.h" />
		<Unit filename="include/ClientProtocol.h" />
		<Unit filename="include/Config.h" />
		<Unit filename="include/DataNode.h" />
		<Unit filename="include/DataNodeProtocol.h" />
		<Unit filename="include/FSEditLog.h" />
		<Unit filename="include/FSImage.h" />
		<Unit filename="include/FSNameSystem.h" />
		<Unit filename="include/INode.h" />
		<Unit filename="include/INodeDirectory.h" />
		<Unit filename="include/INodeFile.h" />
		<Unit filename="include/INodeFileUnderConstruction.h" />
		<Unit filename="include/IntWritable.h" />
		<Unit filename="include/Log.h" />
		<Unit filename="include/NameNode.h" />
		<Unit filename="include/Permission.h" />
		<Unit filename="include/Utils.h" />
		<Unit filename="include/Writable.h" />
		<Unit filename="include/ipc/Call.h" />
		<Unit filename="include/ipc/Client.h" />
		<Unit filename="include/ipc/Connection.h" />
		<Unit filename="include/ipc/Handler.h" />
		<Unit filename="include/ipc/Invocation.h" />
		<Unit filename="include/ipc/Listener.h" />
		<Unit filename="include/ipc/Method.h" />
		<Unit filename="include/ipc/MethodWritable.h" />
		<Unit filename="include/ipc/RPC.h" />
		<Unit filename="include/ipc/Responder.h" />
		<Unit filename="include/ipc/Server.h" />
		<Unit filename="include/tinyxml2.h" />
		<Unit filename="main.cpp" />
		<Unit filename="src/Block.cpp" />
		<Unit filename="src/BlockQueue.cpp" />
		<Unit filename="src/ClientProtocol.cpp" />
		<Unit filename="src/Config.cpp" />
		<Unit filename="src/DataNode.cpp" />
		<Unit filename="src/DataNodeProtocol.cpp" />
		<Unit filename="src/FSEditLog.cpp" />
		<Unit filename="src/FSImage.cpp" />
		<Unit filename="src/FSNameSystem.cpp" />
		<Unit filename="src/INode.cpp" />
		<Unit filename="src/INodeDirectory.cpp" />
		<Unit filename="src/INodeFile.cpp" />
		<Unit filename="src/INodeFileUnderConstruction.cpp" />
		<Unit filename="src/IntWritable.cpp" />
		<Unit filename="src/Log.cpp" />
		<Unit filename="src/NameNode.cpp" />
		<Unit filename="src/Permission.cpp" />
		<Unit filename="src/Utils.cpp" />
		<Unit filename="src/Writable.cpp" />
		<Unit filename="src/ipc/Call.cpp" />
		<Unit filename="src/ipc/Client.cpp" />
		<Unit filename="src/ipc/Connection.cpp" />
		<Unit filename="src/ipc/Handler.cpp" />
		<Unit filename="src/ipc/Invocation.cpp" />
		<Unit filename="src/ipc/Listener.cpp" />
		<Unit filename="src/ipc/Method.cpp" />
		<Unit filename="src/ipc/MethodWritable.cpp" />
		<Unit filename="src/ipc/RPC.cpp" />
		<Unit filename="src/ipc/Responder.cpp" />
		<Unit filename="src/ipc/Server.cpp" />
		<Unit filename="src/tinyxml2.cpp" />
		<Extensions>
			<code_completion />
			<debugger />
		</Extensions>
	</Project>
</CodeBlocks_project_file>
